
Microsoft Visual Studio Solution File, Format Version 12.00
# Visual Studio 15
VisualStudioVersion = 15.0.28307.271
MinimumVisualStudioVersion = 10.0.40219.1
Project("{FAE04EC0-301F-11D3-BF4B-00C04F79EFBC}") = "ClassExercise", "ClassExercise\ClassExercise.csproj", "{18B9CCF4-5F3D-4A82-A4B5-CF2449DE82FB}"
EndProject
Global
	GlobalSection(SolutionConfigurationPlatforms) = preSolution
		Debug|Any CPU = Debug|Any CPU
		Release|Any CPU = Release|Any CPU
	EndGlobalSection
	GlobalSection(ProjectConfigurationPlatforms) = postSolution
		{18B9CCF4-5F3D-4A82-A4B5-CF2449DE82FB}.Debug|Any CPU.ActiveCfg = Debug|Any CPU
		{18B9CCF4-5F3D-4A82-A4B5-CF2449DE82FB}.Debug|Any CPU.Build.0 = Debug|Any CPU
		{18B9CCF4-5F3D-4A82-A4B5-CF2449DE82FB}.Release|Any CPU.ActiveCfg = Release|Any CPU
		{18B9CCF4-5F3D-4A82-A4B5-CF2449DE82FB}.Release|Any CPU.Build.0 = Release|Any CPU
	EndGlobalSection
	GlobalSection(SolutionProperties) = preSolution
		HideSolutionNode = FALSE
	EndGlobalSection
	GlobalSection(ExtensibilityGlobals) = postSolution
		SolutionGuid = {8EE0D26E-463E-477D-AC55-40405A4E5EF3}
	EndGlobalSection
EndGlobal
